
Microsoft Visual Studio Solution File, Format Version 12.00
# Visual Studio Version 17
VisualStudioVersion = 17.2.32630.192
MinimumVisualStudioVersion = 10.0.40219.1
Project("{9A19103F-16F7-4668-BE54-9A1E7A4F7556}") = "FluxoDeCaixa.API", "FluxoDeCaixa.API\FluxoDeCaixa.API.csproj", "{B3803098-3EAF-4F72-AA6C-248C55D747DF}"
EndProject
Project("{2150E333-8FDC-42A3-9474-1A3956D46DE8}") = "0 - Presentation", "0 - Presentation", "{67CF6EDE-BBF4-425C-8E38-823A848794BE}"
EndProject
Project("{2150E333-8FDC-42A3-9474-1A3956D46DE8}") = "1 - Services", "1 - Services", "{4F8FD2D2-C749-42A2-B5DE-5D3CC2500AD4}"
EndProject
Project("{2150E333-8FDC-42A3-9474-1A3956D46DE8}") = "2 - Application", "2 - Application", "{5C5BECD5-F811-4509-AC31-5401E2EF8550}"
EndProject
Project("{2150E333-8FDC-42A3-9474-1A3956D46DE8}") = "3 - Domain", "3 - Domain", "{7C90A891-8591-4BE1-BACC-73C8CD8FB87A}"
EndProject
Project("{2150E333-8FDC-42A3-9474-1A3956D46DE8}") = "4 - infra", "4 - infra", "{3ED34674-C811-496C-88D6-A4AB445E7520}"
EndProject
Project("{2150E333-8FDC-42A3-9474-1A3956D46DE8}") = "5 - Tests", "5 - Tests", "{8070C5D5-A7C5-41B0-952E-914A35B79BBD}"
EndProject
Project("{9A19103F-16F7-4668-BE54-9A1E7A4F7556}") = "FluxoDeCaixa.Domain", "FluxoDeCaixa.Domain\FluxoDeCaixa.Domain.csproj", "{79974667-40F5-404F-9F8F-022FFFB46F8D}"
EndProject
Project("{9A19103F-16F7-4668-BE54-9A1E7A4F7556}") = "FluxoDeCaixa.Infra.Data", "FluxoDeCaixa.Infra.Data\FluxoDeCaixa.Infra.Data.csproj", "{E29A531B-FB88-476A-80D9-71CFB3B35CFF}"
EndProject
Project("{2150E333-8FDC-42A3-9474-1A3956D46DE8}") = "4.1 - Data", "4.1 - Data", "{FFE94875-2215-4F09-AD14-F818E9133D14}"
EndProject
Project("{9A19103F-16F7-4668-BE54-9A1E7A4F7556}") = "FluxoDeCaixa.Application", "FluxoDeCaixa.Application\FluxoDeCaixa.Application.csproj", "{8CB26C5C-576D-44D1-B959-C284F70EF0FB}"
EndProject
Project("{2150E333-8FDC-42A3-9474-1A3956D46DE8}") = "4.2 - IoC", "4.2 - IoC", "{93622CF0-C3FF-4C4F-A034-083780F4F6BB}"
EndProject
Project("{9A19103F-16F7-4668-BE54-9A1E7A4F7556}") = "FluxoDeCaixa.IoC", "FluxoDeCaixa.IoC\FluxoDeCaixa.IoC.csproj", "{4B71AC4C-9029-44F9-A491-FB209F482867}"
EndProject
Project("{9A19103F-16F7-4668-BE54-9A1E7A4F7556}") = "FluxoDeCaixa.Consolidado.Service", "FluxoDeCaixa.Consolidado.Service\FluxoDeCaixa.Consolidado.Service.csproj", "{4CF1F7F9-E9C5-48F0-9C0E-F1C84A47433A}"
EndProject
Project("{2150E333-8FDC-42A3-9474-1A3956D46DE8}") = "4.3 - CrossCutting", "4.3 - CrossCutting", "{37A4E7DD-96CB-47B9-8C65-C0EE0A0AB629}"
EndProject
Project("{9A19103F-16F7-4668-BE54-9A1E7A4F7556}") = "FluxoDeCaixa.Autenticacao", "FluxoDeCaixa.Autenticacao\FluxoDeCaixa.Autenticacao.csproj", "{36DB476E-4FDB-4CC9-A557-5886D177AC59}"
EndProject
Project("{FAE04EC0-301F-11D3-BF4B-00C04F79EFBC}") = "FluxoDeCaixa.Test", "FluxoDeCaixa.Test\FluxoDeCaixa.Test.csproj", "{A5AE5EC6-2331-4DB4-9FB3-4867E81156CB}"
EndProject
Global
	GlobalSection(SolutionConfigurationPlatforms) = preSolution
		Debug|Any CPU = Debug|Any CPU
		Release|Any CPU = Release|Any CPU
	EndGlobalSection
	GlobalSection(ProjectConfigurationPlatforms) = postSolution
		{B3803098-3EAF-4F72-AA6C-248C55D747DF}.Debug|Any CPU.ActiveCfg = Debug|Any CPU
		{B3803098-3EAF-4F72-AA6C-248C55D747DF}.Debug|Any CPU.Build.0 = Debug|Any CPU
		{B3803098-3EAF-4F72-AA6C-248C55D747DF}.Release|Any CPU.ActiveCfg = Release|Any CPU
		{B3803098-3EAF-4F72-AA6C-248C55D747DF}.Release|Any CPU.Build.0 = Release|Any CPU
		{79974667-40F5-404F-9F8F-022FFFB46F8D}.Debug|Any CPU.ActiveCfg = Debug|Any CPU
		{79974667-40F5-404F-9F8F-022FFFB46F8D}.Debug|Any CPU.Build.0 = Debug|Any CPU
		{79974667-40F5-404F-9F8F-022FFFB46F8D}.Release|Any CPU.ActiveCfg = Release|Any CPU
		{79974667-40F5-404F-9F8F-022FFFB46F8D}.Release|Any CPU.Build.0 = Release|Any CPU
		{E29A531B-FB88-476A-80D9-71CFB3B35CFF}.Debug|Any CPU.ActiveCfg = Debug|Any CPU
		{E29A531B-FB88-476A-80D9-71CFB3B35CFF}.Debug|Any CPU.Build.0 = Debug|Any CPU
		{E29A531B-FB88-476A-80D9-71CFB3B35CFF}.Release|Any CPU.ActiveCfg = Release|Any CPU
		{E29A531B-FB88-476A-80D9-71CFB3B35CFF}.Release|Any CPU.Build.0 = Release|Any CPU
		{8CB26C5C-576D-44D1-B959-C284F70EF0FB}.Debug|Any CPU.ActiveCfg = Debug|Any CPU
		{8CB26C5C-576D-44D1-B959-C284F70EF0FB}.Debug|Any CPU.Build.0 = Debug|Any CPU
		{8CB26C5C-576D-44D1-B959-C284F70EF0FB}.Release|Any CPU.ActiveCfg = Release|Any CPU
		{8CB26C5C-576D-44D1-B959-C284F70EF0FB}.Release|Any CPU.Build.0 = Release|Any CPU
		{4B71AC4C-9029-44F9-A491-FB209F482867}.Debug|Any CPU.ActiveCfg = Debug|Any CPU
		{4B71AC4C-9029-44F9-A491-FB209F482867}.Debug|Any CPU.Build.0 = Debug|Any CPU
		{4B71AC4C-9029-44F9-A491-FB209F482867}.Release|Any CPU.ActiveCfg = Release|Any CPU
		{4B71AC4C-9029-44F9-A491-FB209F482867}.Release|Any CPU.Build.0 = Release|Any CPU
		{4CF1F7F9-E9C5-48F0-9C0E-F1C84A47433A}.Debug|Any CPU.ActiveCfg = Debug|Any CPU
		{4CF1F7F9-E9C5-48F0-9C0E-F1C84A47433A}.Debug|Any CPU.Build.0 = Debug|Any CPU
		{4CF1F7F9-E9C5-48F0-9C0E-F1C84A47433A}.Release|Any CPU.ActiveCfg = Release|Any CPU
		{4CF1F7F9-E9C5-48F0-9C0E-F1C84A47433A}.Release|Any CPU.Build.0 = Release|Any CPU
		{36DB476E-4FDB-4CC9-A557-5886D177AC59}.Debug|Any CPU.ActiveCfg = Debug|Any CPU
		{36DB476E-4FDB-4CC9-A557-5886D177AC59}.Debug|Any CPU.Build.0 = Debug|Any CPU
		{36DB476E-4FDB-4CC9-A557-5886D177AC59}.Release|Any CPU.ActiveCfg = Release|Any CPU
		{36DB476E-4FDB-4CC9-A557-5886D177AC59}.Release|Any CPU.Build.0 = Release|Any CPU
		{A5AE5EC6-2331-4DB4-9FB3-4867E81156CB}.Debug|Any CPU.ActiveCfg = Debug|Any CPU
		{A5AE5EC6-2331-4DB4-9FB3-4867E81156CB}.Debug|Any CPU.Build.0 = Debug|Any CPU
		{A5AE5EC6-2331-4DB4-9FB3-4867E81156CB}.Release|Any CPU.ActiveCfg = Release|Any CPU
		{A5AE5EC6-2331-4DB4-9FB3-4867E81156CB}.Release|Any CPU.Build.0 = Release|Any CPU
	EndGlobalSection
	GlobalSection(SolutionProperties) = preSolution
		HideSolutionNode = FALSE
	EndGlobalSection
	GlobalSection(NestedProjects) = preSolution
		{B3803098-3EAF-4F72-AA6C-248C55D747DF} = {67CF6EDE-BBF4-425C-8E38-823A848794BE}
		{79974667-40F5-404F-9F8F-022FFFB46F8D} = {7C90A891-8591-4BE1-BACC-73C8CD8FB87A}
		{E29A531B-FB88-476A-80D9-71CFB3B35CFF} = {FFE94875-2215-4F09-AD14-F818E9133D14}
		{FFE94875-2215-4F09-AD14-F818E9133D14} = {3ED34674-C811-496C-88D6-A4AB445E7520}
		{8CB26C5C-576D-44D1-B959-C284F70EF0FB} = {5C5BECD5-F811-4509-AC31-5401E2EF8550}
		{93622CF0-C3FF-4C4F-A034-083780F4F6BB} = {3ED34674-C811-496C-88D6-A4AB445E7520}
		{4B71AC4C-9029-44F9-A491-FB209F482867} = {93622CF0-C3FF-4C4F-A034-083780F4F6BB}
		{4CF1F7F9-E9C5-48F0-9C0E-F1C84A47433A} = {4F8FD2D2-C749-42A2-B5DE-5D3CC2500AD4}
		{37A4E7DD-96CB-47B9-8C65-C0EE0A0AB629} = {3ED34674-C811-496C-88D6-A4AB445E7520}
		{36DB476E-4FDB-4CC9-A557-5886D177AC59} = {37A4E7DD-96CB-47B9-8C65-C0EE0A0AB629}
		{A5AE5EC6-2331-4DB4-9FB3-4867E81156CB} = {8070C5D5-A7C5-41B0-952E-914A35B79BBD}
	EndGlobalSection
	GlobalSection(ExtensibilityGlobals) = postSolution
		SolutionGuid = {E3B74504-F3CF-4A38-AABA-85EC1B17D96E}
	EndGlobalSection
EndGlobal
